
Microsoft Visual Studio Solution File, Format Version 12.00
# Visual Studio Version 17
VisualStudioVersion = 17.12.35527.113
MinimumVisualStudioVersion = 10.0.40219.1
Project("{FAE04EC0-301F-11D3-BF4B-00C04F79EFBC}") = "MyCAM", "MyCAM\MyCAM.csproj", "{4CB64D75-A76D-4B75-8D20-6668700C4208}"
EndProject
Project("{FAE04EC0-301F-11D3-BF4B-00C04F79EFBC}") = "OCCViewer", "OCCViewer\OCCViewer.csproj", "{B70D417C-8417-49EE-AC5F-DC0BCFD2E38E}"
EndProject
Project("{FAE04EC0-301F-11D3-BF4B-00C04F79EFBC}") = "OCCTool", "OCCTool\OCCTool.csproj", "{E9C0AB57-4558-4BAF-B154-B20169A256FE}"
EndProject
Project("{FAE04EC0-301F-11D3-BF4B-00C04F79EFBC}") = "ImportModel", "ImportModel\ImportModel.csproj", "{B1933D18-070F-426E-AABF-047953CFAB9B}"
EndProject
Project("{FAE04EC0-301F-11D3-BF4B-00C04F79EFBC}") = "ExtractPattern", "ExtractPattern\ExtractPattern.csproj", "{6834C5E6-B49F-4A87-BDC3-592BEBBAE526}"
EndProject
Global
	GlobalSection(SolutionConfigurationPlatforms) = preSolution
		Debug|Any CPU = Debug|Any CPU
		Release|Any CPU = Release|Any CPU
	EndGlobalSection
	GlobalSection(ProjectConfigurationPlatforms) = postSolution
		{4CB64D75-A76D-4B75-8D20-6668700C4208}.Debug|Any CPU.ActiveCfg = Debug|Any CPU
		{4CB64D75-A76D-4B75-8D20-6668700C4208}.Debug|Any CPU.Build.0 = Debug|Any CPU
		{4CB64D75-A76D-4B75-8D20-6668700C4208}.Release|Any CPU.ActiveCfg = Release|Any CPU
		{4CB64D75-A76D-4B75-8D20-6668700C4208}.Release|Any CPU.Build.0 = Release|Any CPU
		{B70D417C-8417-49EE-AC5F-DC0BCFD2E38E}.Debug|Any CPU.ActiveCfg = Debug|Any CPU
		{B70D417C-8417-49EE-AC5F-DC0BCFD2E38E}.Debug|Any CPU.Build.0 = Debug|Any CPU
		{B70D417C-8417-49EE-AC5F-DC0BCFD2E38E}.Release|Any CPU.ActiveCfg = Release|Any CPU
		{B70D417C-8417-49EE-AC5F-DC0BCFD2E38E}.Release|Any CPU.Build.0 = Release|Any CPU
		{E9C0AB57-4558-4BAF-B154-B20169A256FE}.Debug|Any CPU.ActiveCfg = Debug|Any CPU
		{E9C0AB57-4558-4BAF-B154-B20169A256FE}.Debug|Any CPU.Build.0 = Debug|Any CPU
		{E9C0AB57-4558-4BAF-B154-B20169A256FE}.Release|Any CPU.ActiveCfg = Release|Any CPU
		{E9C0AB57-4558-4BAF-B154-B20169A256FE}.Release|Any CPU.Build.0 = Release|Any CPU
		{B1933D18-070F-426E-AABF-047953CFAB9B}.Debug|Any CPU.ActiveCfg = Debug|Any CPU
		{B1933D18-070F-426E-AABF-047953CFAB9B}.Debug|Any CPU.Build.0 = Debug|Any CPU
		{B1933D18-070F-426E-AABF-047953CFAB9B}.Release|Any CPU.ActiveCfg = Release|Any CPU
		{B1933D18-070F-426E-AABF-047953CFAB9B}.Release|Any CPU.Build.0 = Release|Any CPU
		{6834C5E6-B49F-4A87-BDC3-592BEBBAE526}.Debug|Any CPU.ActiveCfg = Debug|Any CPU
		{6834C5E6-B49F-4A87-BDC3-592BEBBAE526}.Debug|Any CPU.Build.0 = Debug|Any CPU
		{6834C5E6-B49F-4A87-BDC3-592BEBBAE526}.Release|Any CPU.ActiveCfg = Release|Any CPU
		{6834C5E6-B49F-4A87-BDC3-592BEBBAE526}.Release|Any CPU.Build.0 = Release|Any CPU
	EndGlobalSection
	GlobalSection(SolutionProperties) = preSolution
		HideSolutionNode = FALSE
	EndGlobalSection
EndGlobal
