
Microsoft Visual Studio Solution File, Format Version 12.00
# Visual Studio Version 17
VisualStudioVersion = 17.12.35527.113
MinimumVisualStudioVersion = 10.0.40219.1
Project("{FAE04EC0-301F-11D3-BF4B-00C04F79EFBC}") = "MyCAM", "MyCAM\MyCAM.csproj", "{4CB64D75-A76D-4B75-8D20-6668700C4208}"
EndProject
Project("{FAE04EC0-301F-11D3-BF4B-00C04F79EFBC}") = "OCCViewer", "OCCViewer\OCCViewer.csproj", "{B70D417C-8417-49EE-AC5F-DC0BCFD2E38E}"
EndProject
Project("{FAE04EC0-301F-11D3-BF4B-00C04F79EFBC}") = "OCCTool", "OCCTool\OCCTool.csproj", "{E9C0AB57-4558-4BAF-B154-B20169A256FE}"
EndProject
Project("{8BC9CEB8-8B4A-11D0-8D11-00A0C91BC942}") = "PostTool", "PostTool\PostTool.vcxproj", "{19500D28-07DE-4B7C-9A18-4F6BC83DD8F4}"
EndProject
Project("{8BC9CEB8-8B4A-11D0-8D11-00A0C91BC942}") = "BulletTool", "BulletTool\BulletTool.vcxproj", "{3CC6B24E-D3D2-4BDD-81E2-B5FC2163A08F}"
EndProject
Project("{8BC9CEB8-8B4A-11D0-8D11-00A0C91BC942}") = "FCLTool", "FCLTool\FCLTool.vcxproj", "{56419A3E-879F-4DA1-8F31-98168F69E51A}"
EndProject
Global
	GlobalSection(SolutionConfigurationPlatforms) = preSolution
		Debug|Any CPU = Debug|Any CPU
		Debug|x64 = Debug|x64
		Debug|x86 = Debug|x86
		Release|Any CPU = Release|Any CPU
		Release|x64 = Release|x64
		Release|x86 = Release|x86
	EndGlobalSection
	GlobalSection(ProjectConfigurationPlatforms) = postSolution
		{4CB64D75-A76D-4B75-8D20-6668700C4208}.Debug|Any CPU.ActiveCfg = Debug|Any CPU
		{4CB64D75-A76D-4B75-8D20-6668700C4208}.Debug|Any CPU.Build.0 = Debug|Any CPU
		{4CB64D75-A76D-4B75-8D20-6668700C4208}.Debug|x64.ActiveCfg = Debug|Any CPU
		{4CB64D75-A76D-4B75-8D20-6668700C4208}.Debug|x64.Build.0 = Debug|Any CPU
		{4CB64D75-A76D-4B75-8D20-6668700C4208}.Debug|x86.ActiveCfg = Debug|Any CPU
		{4CB64D75-A76D-4B75-8D20-6668700C4208}.Debug|x86.Build.0 = Debug|Any CPU
		{4CB64D75-A76D-4B75-8D20-6668700C4208}.Release|Any CPU.ActiveCfg = Release|Any CPU
		{4CB64D75-A76D-4B75-8D20-6668700C4208}.Release|Any CPU.Build.0 = Release|Any CPU
		{4CB64D75-A76D-4B75-8D20-6668700C4208}.Release|x64.ActiveCfg = Release|Any CPU
		{4CB64D75-A76D-4B75-8D20-6668700C4208}.Release|x64.Build.0 = Release|Any CPU
		{4CB64D75-A76D-4B75-8D20-6668700C4208}.Release|x86.ActiveCfg = Release|Any CPU
		{4CB64D75-A76D-4B75-8D20-6668700C4208}.Release|x86.Build.0 = Release|Any CPU
		{B70D417C-8417-49EE-AC5F-DC0BCFD2E38E}.Debug|Any CPU.ActiveCfg = Debug|Any CPU
		{B70D417C-8417-49EE-AC5F-DC0BCFD2E38E}.Debug|Any CPU.Build.0 = Debug|Any CPU
		{B70D417C-8417-49EE-AC5F-DC0BCFD2E38E}.Debug|x64.ActiveCfg = Debug|Any CPU
		{B70D417C-8417-49EE-AC5F-DC0BCFD2E38E}.Debug|x64.Build.0 = Debug|Any CPU
		{B70D417C-8417-49EE-AC5F-DC0BCFD2E38E}.Debug|x86.ActiveCfg = Debug|Any CPU
		{B70D417C-8417-49EE-AC5F-DC0BCFD2E38E}.Debug|x86.Build.0 = Debug|Any CPU
		{B70D417C-8417-49EE-AC5F-DC0BCFD2E38E}.Release|Any CPU.ActiveCfg = Release|Any CPU
		{B70D417C-8417-49EE-AC5F-DC0BCFD2E38E}.Release|Any CPU.Build.0 = Release|Any CPU
		{B70D417C-8417-49EE-AC5F-DC0BCFD2E38E}.Release|x64.ActiveCfg = Release|Any CPU
		{B70D417C-8417-49EE-AC5F-DC0BCFD2E38E}.Release|x64.Build.0 = Release|Any CPU
		{B70D417C-8417-49EE-AC5F-DC0BCFD2E38E}.Release|x86.ActiveCfg = Release|Any CPU
		{B70D417C-8417-49EE-AC5F-DC0BCFD2E38E}.Release|x86.Build.0 = Release|Any CPU
		{E9C0AB57-4558-4BAF-B154-B20169A256FE}.Debug|Any CPU.ActiveCfg = Debug|Any CPU
		{E9C0AB57-4558-4BAF-B154-B20169A256FE}.Debug|Any CPU.Build.0 = Debug|Any CPU
		{E9C0AB57-4558-4BAF-B154-B20169A256FE}.Debug|x64.ActiveCfg = Debug|Any CPU
		{E9C0AB57-4558-4BAF-B154-B20169A256FE}.Debug|x64.Build.0 = Debug|Any CPU
		{E9C0AB57-4558-4BAF-B154-B20169A256FE}.Debug|x86.ActiveCfg = Debug|Any CPU
		{E9C0AB57-4558-4BAF-B154-B20169A256FE}.Debug|x86.Build.0 = Debug|Any CPU
		{E9C0AB57-4558-4BAF-B154-B20169A256FE}.Release|Any CPU.ActiveCfg = Release|Any CPU
		{E9C0AB57-4558-4BAF-B154-B20169A256FE}.Release|Any CPU.Build.0 = Release|Any CPU
		{E9C0AB57-4558-4BAF-B154-B20169A256FE}.Release|x64.ActiveCfg = Release|Any CPU
		{E9C0AB57-4558-4BAF-B154-B20169A256FE}.Release|x64.Build.0 = Release|Any CPU
		{E9C0AB57-4558-4BAF-B154-B20169A256FE}.Release|x86.ActiveCfg = Release|Any CPU
		{E9C0AB57-4558-4BAF-B154-B20169A256FE}.Release|x86.Build.0 = Release|Any CPU
		{19500D28-07DE-4B7C-9A18-4F6BC83DD8F4}.Debug|Any CPU.ActiveCfg = Debug|x64
		{19500D28-07DE-4B7C-9A18-4F6BC83DD8F4}.Debug|Any CPU.Build.0 = Debug|x64
		{19500D28-07DE-4B7C-9A18-4F6BC83DD8F4}.Debug|x64.ActiveCfg = Debug|x64
		{19500D28-07DE-4B7C-9A18-4F6BC83DD8F4}.Debug|x64.Build.0 = Debug|x64
		{19500D28-07DE-4B7C-9A18-4F6BC83DD8F4}.Debug|x86.ActiveCfg = Debug|Win32
		{19500D28-07DE-4B7C-9A18-4F6BC83DD8F4}.Debug|x86.Build.0 = Debug|Win32
		{19500D28-07DE-4B7C-9A18-4F6BC83DD8F4}.Release|Any CPU.ActiveCfg = Release|x64
		{19500D28-07DE-4B7C-9A18-4F6BC83DD8F4}.Release|Any CPU.Build.0 = Release|x64
		{19500D28-07DE-4B7C-9A18-4F6BC83DD8F4}.Release|x64.ActiveCfg = Release|x64
		{19500D28-07DE-4B7C-9A18-4F6BC83DD8F4}.Release|x64.Build.0 = Release|x64
		{19500D28-07DE-4B7C-9A18-4F6BC83DD8F4}.Release|x86.ActiveCfg = Release|Win32
		{19500D28-07DE-4B7C-9A18-4F6BC83DD8F4}.Release|x86.Build.0 = Release|Win32
		{3CC6B24E-D3D2-4BDD-81E2-B5FC2163A08F}.Debug|Any CPU.ActiveCfg = Debug|x64
		{3CC6B24E-D3D2-4BDD-81E2-B5FC2163A08F}.Debug|Any CPU.Build.0 = Debug|x64
		{3CC6B24E-D3D2-4BDD-81E2-B5FC2163A08F}.Debug|x64.ActiveCfg = Debug|x64
		{3CC6B24E-D3D2-4BDD-81E2-B5FC2163A08F}.Debug|x64.Build.0 = Debug|x64
		{3CC6B24E-D3D2-4BDD-81E2-B5FC2163A08F}.Debug|x86.ActiveCfg = Debug|Win32
		{3CC6B24E-D3D2-4BDD-81E2-B5FC2163A08F}.Debug|x86.Build.0 = Debug|Win32
		{3CC6B24E-D3D2-4BDD-81E2-B5FC2163A08F}.Release|Any CPU.ActiveCfg = Release|x64
		{3CC6B24E-D3D2-4BDD-81E2-B5FC2163A08F}.Release|Any CPU.Build.0 = Release|x64
		{3CC6B24E-D3D2-4BDD-81E2-B5FC2163A08F}.Release|x64.ActiveCfg = Release|x64
		{3CC6B24E-D3D2-4BDD-81E2-B5FC2163A08F}.Release|x64.Build.0 = Release|x64
		{3CC6B24E-D3D2-4BDD-81E2-B5FC2163A08F}.Release|x86.ActiveCfg = Release|Win32
		{3CC6B24E-D3D2-4BDD-81E2-B5FC2163A08F}.Release|x86.Build.0 = Release|Win32
		{56419A3E-879F-4DA1-8F31-98168F69E51A}.Debug|Any CPU.ActiveCfg = Debug|x64
		{56419A3E-879F-4DA1-8F31-98168F69E51A}.Debug|Any CPU.Build.0 = Debug|x64
		{56419A3E-879F-4DA1-8F31-98168F69E51A}.Debug|x64.ActiveCfg = Debug|x64
		{56419A3E-879F-4DA1-8F31-98168F69E51A}.Debug|x64.Build.0 = Debug|x64
		{56419A3E-879F-4DA1-8F31-98168F69E51A}.Debug|x86.ActiveCfg = Debug|Win32
		{56419A3E-879F-4DA1-8F31-98168F69E51A}.Debug|x86.Build.0 = Debug|Win32
		{56419A3E-879F-4DA1-8F31-98168F69E51A}.Release|Any CPU.ActiveCfg = Release|x64
		{56419A3E-879F-4DA1-8F31-98168F69E51A}.Release|Any CPU.Build.0 = Release|x64
		{56419A3E-879F-4DA1-8F31-98168F69E51A}.Release|x64.ActiveCfg = Release|x64
		{56419A3E-879F-4DA1-8F31-98168F69E51A}.Release|x64.Build.0 = Release|x64
		{56419A3E-879F-4DA1-8F31-98168F69E51A}.Release|x86.ActiveCfg = Release|Win32
		{56419A3E-879F-4DA1-8F31-98168F69E51A}.Release|x86.Build.0 = Release|Win32
	EndGlobalSection
	GlobalSection(SolutionProperties) = preSolution
		HideSolutionNode = FALSE
	EndGlobalSection
	GlobalSection(ExtensibilityGlobals) = postSolution
		SolutionGuid = {50566665-F055-4456-9A76-004AC0DF5768}
	EndGlobalSection
EndGlobal
