
Microsoft Visual Studio Solution File, Format Version 12.00
# Visual Studio Version 17
VisualStudioVersion = 17.14.36408.4
MinimumVisualStudioVersion = 10.0.40219.1
Project("{FAE04EC0-301F-11D3-BF4B-00C04F79EFBC}") = "RsaKeyGenerator", "RsaKeyGenerator\RsaKeyGenerator.csproj", "{D7ABA4CA-D00A-4525-B50F-93F9324FAB74}"
EndProject
Project("{FAE04EC0-301F-11D3-BF4B-00C04F79EFBC}") = "LicenseGenerator", "LicenseGenerator\LicenseGenerator.csproj", "{910DA174-E5FD-4000-B112-8EC54BED3742}"
EndProject
Global
	GlobalSection(SolutionConfigurationPlatforms) = preSolution
		Debug|Any CPU = Debug|Any CPU
		Release|Any CPU = Release|Any CPU
	EndGlobalSection
	GlobalSection(ProjectConfigurationPlatforms) = postSolution
		{D7ABA4CA-D00A-4525-B50F-93F9324FAB74}.Debug|Any CPU.ActiveCfg = Debug|Any CPU
		{D7ABA4CA-D00A-4525-B50F-93F9324FAB74}.Debug|Any CPU.Build.0 = Debug|Any CPU
		{D7ABA4CA-D00A-4525-B50F-93F9324FAB74}.Release|Any CPU.ActiveCfg = Release|Any CPU
		{D7ABA4CA-D00A-4525-B50F-93F9324FAB74}.Release|Any CPU.Build.0 = Release|Any CPU
		{910DA174-E5FD-4000-B112-8EC54BED3742}.Debug|Any CPU.ActiveCfg = Debug|Any CPU
		{910DA174-E5FD-4000-B112-8EC54BED3742}.Debug|Any CPU.Build.0 = Debug|Any CPU
		{910DA174-E5FD-4000-B112-8EC54BED3742}.Release|Any CPU.ActiveCfg = Release|Any CPU
		{910DA174-E5FD-4000-B112-8EC54BED3742}.Release|Any CPU.Build.0 = Release|Any CPU
	EndGlobalSection
	GlobalSection(SolutionProperties) = preSolution
		HideSolutionNode = FALSE
	EndGlobalSection
	GlobalSection(ExtensibilityGlobals) = postSolution
		SolutionGuid = {77E9756C-953F-4250-B279-ED9167FB8F0C}
	EndGlobalSection
EndGlobal
